
Microsoft Visual Studio Solution File, Format Version 12.00
# Visual Studio Version 17
VisualStudioVersion = 17.6.33815.320
MinimumVisualStudioVersion = 10.0.40219.1
Project("{9A19103F-16F7-4668-BE54-9A1E7A4F7556}") = "UrbanGreenAPI", "UrbanGreenAPI\UrbanGreenAPI.csproj", "{9527B6B1-83E2-44A5-828D-359018296E98}"
EndProject
Project("{FAE04EC0-301F-11D3-BF4B-00C04F79EFBC}") = "UrbanGreen.DataAcess", "UrbanGreen.DataAcess\UrbanGreen.DataAcess.csproj", "{3B269721-C339-43C3-963E-1C49FBD4B378}"
EndProject
Project("{FAE04EC0-301F-11D3-BF4B-00C04F79EFBC}") = "UrbanGreen.Core", "UrbanGreen.Core\UrbanGreen.Core.csproj", "{53A4B669-0770-4463-B3C5-CD7B0086EF52}"
EndProject
Project("{FAE04EC0-301F-11D3-BF4B-00C04F79EFBC}") = "UrbanGreen.Application", "UrbanGreen.Application\UrbanGreen.Application.csproj", "{7F165430-66D9-4ECC-9BF5-4E1C10D27B9D}"
EndProject
Global
	GlobalSection(SolutionConfigurationPlatforms) = preSolution
		Debug|Any CPU = Debug|Any CPU
		Release|Any CPU = Release|Any CPU
	EndGlobalSection
	GlobalSection(ProjectConfigurationPlatforms) = postSolution
		{9527B6B1-83E2-44A5-828D-359018296E98}.Debug|Any CPU.ActiveCfg = Debug|Any CPU
		{9527B6B1-83E2-44A5-828D-359018296E98}.Debug|Any CPU.Build.0 = Debug|Any CPU
		{9527B6B1-83E2-44A5-828D-359018296E98}.Release|Any CPU.ActiveCfg = Release|Any CPU
		{9527B6B1-83E2-44A5-828D-359018296E98}.Release|Any CPU.Build.0 = Release|Any CPU
		{3B269721-C339-43C3-963E-1C49FBD4B378}.Debug|Any CPU.ActiveCfg = Debug|Any CPU
		{3B269721-C339-43C3-963E-1C49FBD4B378}.Debug|Any CPU.Build.0 = Debug|Any CPU
		{3B269721-C339-43C3-963E-1C49FBD4B378}.Release|Any CPU.ActiveCfg = Release|Any CPU
		{3B269721-C339-43C3-963E-1C49FBD4B378}.Release|Any CPU.Build.0 = Release|Any CPU
		{53A4B669-0770-4463-B3C5-CD7B0086EF52}.Debug|Any CPU.ActiveCfg = Debug|Any CPU
		{53A4B669-0770-4463-B3C5-CD7B0086EF52}.Debug|Any CPU.Build.0 = Debug|Any CPU
		{53A4B669-0770-4463-B3C5-CD7B0086EF52}.Release|Any CPU.ActiveCfg = Release|Any CPU
		{53A4B669-0770-4463-B3C5-CD7B0086EF52}.Release|Any CPU.Build.0 = Release|Any CPU
		{7F165430-66D9-4ECC-9BF5-4E1C10D27B9D}.Debug|Any CPU.ActiveCfg = Debug|Any CPU
		{7F165430-66D9-4ECC-9BF5-4E1C10D27B9D}.Debug|Any CPU.Build.0 = Debug|Any CPU
		{7F165430-66D9-4ECC-9BF5-4E1C10D27B9D}.Release|Any CPU.ActiveCfg = Release|Any CPU
		{7F165430-66D9-4ECC-9BF5-4E1C10D27B9D}.Release|Any CPU.Build.0 = Release|Any CPU
	EndGlobalSection
	GlobalSection(SolutionProperties) = preSolution
		HideSolutionNode = FALSE
	EndGlobalSection
	GlobalSection(ExtensibilityGlobals) = postSolution
		SolutionGuid = {46190184-7A07-4F79-AD2E-1303AB9AEF7A}
	EndGlobalSection
EndGlobal
